
Microsoft Visual Studio Solution File, Format Version 12.00
# Visual Studio 15
VisualStudioVersion = 15.0.28307.421
MinimumVisualStudioVersion = 10.0.40219.1
Project("{FAE04EC0-301F-11D3-BF4B-00C04F79EFBC}") = "ProductsApi", "ProductsApi\ProductsApi.csproj", "{DE575509-5634-4FF9-A5CA-24210B43C02B}"
EndProject
Global
	GlobalSection(SolutionConfigurationPlatforms) = preSolution
		Debug|Any CPU = Debug|Any CPU
		Release|Any CPU = Release|Any CPU
	EndGlobalSection
	GlobalSection(ProjectConfigurationPlatforms) = postSolution
		{DE575509-5634-4FF9-A5CA-24210B43C02B}.Debug|Any CPU.ActiveCfg = Debug|Any CPU
		{DE575509-5634-4FF9-A5CA-24210B43C02B}.Debug|Any CPU.Build.0 = Debug|Any CPU
		{DE575509-5634-4FF9-A5CA-24210B43C02B}.Release|Any CPU.ActiveCfg = Release|Any CPU
		{DE575509-5634-4FF9-A5CA-24210B43C02B}.Release|Any CPU.Build.0 = Release|Any CPU
	EndGlobalSection
	GlobalSection(SolutionProperties) = preSolution
		HideSolutionNode = FALSE
	EndGlobalSection
	GlobalSection(ExtensibilityGlobals) = postSolution
		SolutionGuid = {CD8EAD4C-CDA9-4909-81B6-09D4A9E5BE86}
	EndGlobalSection
EndGlobal
