
Microsoft Visual Studio Solution File, Format Version 12.00
# Visual Studio 15
VisualStudioVersion = 15.0.28307.421
MinimumVisualStudioVersion = 10.0.40219.1
Project("{9A19103F-16F7-4668-BE54-9A1E7A4F7556}") = "ProductsApi", "ProductsApi\ProductsApi.csproj", "{DE575509-5634-4FF9-A5CA-24210B43C02B}"
EndProject
Project("{FAE04EC0-301F-11D3-BF4B-00C04F79EFBC}") = "Products.Utilites", "Products.Utilites\Products.Utilites.csproj", "{2377D072-AD27-4D3F-8DAF-DB445CF1885F}"
EndProject
Project("{FAE04EC0-301F-11D3-BF4B-00C04F79EFBC}") = "ProductTests", "ProductTests\ProductTests.csproj", "{63B097D0-0D71-4569-A659-8D01C23A190D}"
EndProject
Global
	GlobalSection(SolutionConfigurationPlatforms) = preSolution
		Debug|Any CPU = Debug|Any CPU
		Release|Any CPU = Release|Any CPU
	EndGlobalSection
	GlobalSection(ProjectConfigurationPlatforms) = postSolution
		{DE575509-5634-4FF9-A5CA-24210B43C02B}.Debug|Any CPU.ActiveCfg = Debug|Any CPU
		{DE575509-5634-4FF9-A5CA-24210B43C02B}.Debug|Any CPU.Build.0 = Debug|Any CPU
		{DE575509-5634-4FF9-A5CA-24210B43C02B}.Release|Any CPU.ActiveCfg = Release|Any CPU
		{DE575509-5634-4FF9-A5CA-24210B43C02B}.Release|Any CPU.Build.0 = Release|Any CPU
		{2377D072-AD27-4D3F-8DAF-DB445CF1885F}.Debug|Any CPU.ActiveCfg = Debug|Any CPU
		{2377D072-AD27-4D3F-8DAF-DB445CF1885F}.Debug|Any CPU.Build.0 = Debug|Any CPU
		{2377D072-AD27-4D3F-8DAF-DB445CF1885F}.Release|Any CPU.ActiveCfg = Release|Any CPU
		{2377D072-AD27-4D3F-8DAF-DB445CF1885F}.Release|Any CPU.Build.0 = Release|Any CPU
		{63B097D0-0D71-4569-A659-8D01C23A190D}.Debug|Any CPU.ActiveCfg = Debug|Any CPU
		{63B097D0-0D71-4569-A659-8D01C23A190D}.Debug|Any CPU.Build.0 = Debug|Any CPU
		{63B097D0-0D71-4569-A659-8D01C23A190D}.Release|Any CPU.ActiveCfg = Release|Any CPU
		{63B097D0-0D71-4569-A659-8D01C23A190D}.Release|Any CPU.Build.0 = Release|Any CPU
	EndGlobalSection
	GlobalSection(SolutionProperties) = preSolution
		HideSolutionNode = FALSE
	EndGlobalSection
	GlobalSection(ExtensibilityGlobals) = postSolution
		SolutionGuid = {CD8EAD4C-CDA9-4909-81B6-09D4A9E5BE86}
	EndGlobalSection
EndGlobal
